{
  "name": "staking-pools",
  "version": "1.0.0",
  "lockfileVersion": 2,
  "requires": true,
  "packages": {
    "": {
      "version": "1.0.0",
      "license": "ISC",
      "dependencies": {
        "@vite/vitejs": "^2.3.14",
        "@vite/vitejs-ws": "^2.3.14"
      }
    },
    "node_modules/@sisi/ed25519-blake2b-hd-key": {
      "version": "1.0.2",
      "resolved": "https://registry.npmjs.org/@sisi/ed25519-blake2b-hd-key/-/ed25519-blake2b-hd-key-1.0.2.tgz",
      "integrity": "sha512-Zv/yL4Er7Ci/N4uw3LJoBhAJUSdVl1fNDl2vedrBfKVBV9R68gcrn/SxGPRo2X+Q6ZD5ELoKq0G+IQgewlu4HA==",
      "dependencies": {
        "@sisi/tweetnacl-blake2b": "^1.0.0",
        "bip39": "^2.4.0",
        "create-hmac": "^1.1.6"
      }
    },
    "node_modules/@sisi/ed25519-blake2b-hd-key/node_modules/bip39": {
      "version": "2.6.0",
      "resolved": "https://registry.npmjs.org/bip39/-/bip39-2.6.0.tgz",
      "integrity": "sha512-RrnQRG2EgEoqO24ea+Q/fftuPUZLmrEM3qNhhGsA3PbaXaCW791LTzPuVyx/VprXQcTbPJ3K3UeTna8ZnVl2sg==",
      "dependencies": {
        "create-hash": "^1.1.0",
        "pbkdf2": "^3.0.9",
        "randombytes": "^2.0.1",
        "safe-buffer": "^5.0.1",
        "unorm": "^1.3.3"
      }
    },
    "node_modules/@sisi/tweetnacl-blake2b": {
      "version": "1.0.0",
      "resolved": "https://registry.npmjs.org/@sisi/tweetnacl-blake2b/-/tweetnacl-blake2b-1.0.0.tgz",
      "integrity": "sha512-iv0zaxB+G8O2UJ2JeSHH/zqwl5Z94x9VDnH+FIVbLdVfApY5Bz0P2DeOol2TeDslh9Xz0TsylyUfQTStZUGxPQ==",
      "dependencies": {
        "blakejs": "^1.1.0"
      }
    },
    "node_modules/@types/node": {
      "version": "11.11.6",
      "resolved": "https://registry.npmjs.org/@types/node/-/node-11.11.6.tgz",
      "integrity": "sha512-Exw4yUWMBXM3X+8oqzJNRqZSwUAaS4+7NdvHqQuFi/d+synz++xmX3QIf+BFqneW8N31R8Ky+sikfZUXq07ggQ=="
    },
    "node_modules/@vite/vitejs": {
      "version": "2.3.14",
      "resolved": "https://registry.npmjs.org/@vite/vitejs/-/vitejs-2.3.14.tgz",
      "integrity": "sha512-MIACHbsRyT0gTvmh/cZ/Gn3f+XPDbAy/wziS6mjym9CBhU0cc98m5MuJKRNmBp+4ArYlwF8O22D4kwxoBK2IqA==",
      "dependencies": {
        "@sisi/ed25519-blake2b-hd-key": "^1.0.2",
        "@sisi/tweetnacl-blake2b": "^1.0.0",
        "bip39": "^3.0.2",
        "blake2b": "^2.1.3",
        "blakejs": "^1.1.0",
        "bn.js": "^5.1.1",
        "browserify-aes": "^1.2.0",
        "buffer": "^5.5.0",
        "create-hmac": "^1.1.7",
        "es6-promise": "^4.2.5",
        "jsonrpc-lite": "^2.0.3",
        "net": "^1.0.2",
        "pure-uuid": "^1.5.3",
        "qs": "^6.6.0",
        "scryptsy": "^2.0.0",
        "websocket": "^1.0.26",
        "xhr2": "^0.2.0"
      }
    },
    "node_modules/@vite/vitejs-ws": {
      "version": "2.3.14",
      "resolved": "https://registry.npmjs.org/@vite/vitejs-ws/-/vitejs-ws-2.3.14.tgz",
      "integrity": "sha512-MkUowsTyowt8gEyRVO6becu7GFx2jAf4CVUehgYMopD7HFEL2MzJWQb4JQCdIBYBGzjvCWUSMjAf9O57aJrqyQ=="
    },
    "node_modules/base64-js": {
      "version": "1.5.1",
      "resolved": "https://registry.npmjs.org/base64-js/-/base64-js-1.5.1.tgz",
      "integrity": "sha512-AKpaYlHn8t4SVbOHCy+b5+KKgvR4vrsD8vbvrbiQJps7fKDTkjkDry6ji0rUJjC0kzbNePLwzxq8iypo41qeWA==",
      "funding": [
        {
          "type": "github",
          "url": "https://github.com/sponsors/feross"
        },
        {
          "type": "patreon",
          "url": "https://www.patreon.com/feross"
        },
        {
          "type": "consulting",
          "url": "https://feross.org/support"
        }
      ]
    },
    "node_modules/bip39": {
      "version": "3.0.4",
      "resolved": "https://registry.npmjs.org/bip39/-/bip39-3.0.4.tgz",
      "integrity": "sha512-YZKQlb752TrUWqHWj7XAwCSjYEgGAk+/Aas3V7NyjQeZYsztO8JnQUaCWhcnL4T+jL8nvB8typ2jRPzTlgugNw==",
      "dependencies": {
        "@types/node": "11.11.6",
        "create-hash": "^1.1.0",
        "pbkdf2": "^3.0.9",
        "randombytes": "^2.0.1"
      }
    },
    "node_modules/blake2b": {
      "version": "2.1.3",
      "resolved": "https://registry.npmjs.org/blake2b/-/blake2b-2.1.3.tgz",
      "integrity": "sha512-pkDss4xFVbMb4270aCyGD3qLv92314Et+FsKzilCLxDz5DuZ2/1g3w4nmBbu6nKApPspnjG7JcwTjGZnduB1yg==",
      "dependencies": {
        "blake2b-wasm": "^1.1.0",
        "nanoassert": "^1.0.0"
      }
    },
    "node_modules/blake2b-wasm": {
      "version": "1.1.7",
      "resolved": "https://registry.npmjs.org/blake2b-wasm/-/blake2b-wasm-1.1.7.tgz",
      "integrity": "sha512-oFIHvXhlz/DUgF0kq5B1CqxIDjIJwh9iDeUUGQUcvgiGz7Wdw03McEO7CfLBy7QKGdsydcMCgO9jFNBAFCtFcA==",
      "dependencies": {
        "nanoassert": "^1.0.0"
      }
    },
    "node_modules/blakejs": {
      "version": "1.1.1",
      "resolved": "https://registry.npmjs.org/blakejs/-/blakejs-1.1.1.tgz",
      "integrity": "sha512-bLG6PHOCZJKNshTjGRBvET0vTciwQE6zFKOKKXPDJfwFBd4Ac0yBfPZqcGvGJap50l7ktvlpFqc2jGVaUgbJgg=="
    },
    "node_modules/bn.js": {
      "version": "5.2.0",
      "resolved": "https://registry.npmjs.org/bn.js/-/bn.js-5.2.0.tgz",
      "integrity": "sha512-D7iWRBvnZE8ecXiLj/9wbxH7Tk79fAh8IHaTNq1RWRixsS02W+5qS+iE9yq6RYl0asXx5tw0bLhmT5pIfbSquw=="
    },
    "node_modules/browserify-aes": {
      "version": "1.2.0",
      "resolved": "https://registry.npmjs.org/browserify-aes/-/browserify-aes-1.2.0.tgz",
      "integrity": "sha512-+7CHXqGuspUn/Sl5aO7Ea0xWGAtETPXNSAjHo48JfLdPWcMng33Xe4znFvQweqc/uzk5zSOI3H52CYnjCfb5hA==",
      "dependencies": {
        "buffer-xor": "^1.0.3",
        "cipher-base": "^1.0.0",
        "create-hash": "^1.1.0",
        "evp_bytestokey": "^1.0.3",
        "inherits": "^2.0.1",
        "safe-buffer": "^5.0.1"
      }
    },
    "node_modules/buffer": {
      "version": "5.7.1",
      "resolved": "https://registry.npmjs.org/buffer/-/buffer-5.7.1.tgz",
      "integrity": "sha512-EHcyIPBQ4BSGlvjB16k5KgAJ27CIsHY/2JBmCRReo48y9rQ3MaUzWX3KVlBa4U7MyX02HdVj0K7C3WaB3ju7FQ==",
      "funding": [
        {
          "type": "github",
          "url": "https://github.com/sponsors/feross"
        },
        {
          "type": "patreon",
          "url": "https://www.patreon.com/feross"
        },
        {
          "type": "consulting",
          "url": "https://feross.org/support"
        }
      ],
      "dependencies": {
        "base64-js": "^1.3.1",
        "ieee754": "^1.1.13"
      }
    },
    "node_modules/buffer-xor": {
      "version": "1.0.3",
      "resolved": "https://registry.npmjs.org/buffer-xor/-/buffer-xor-1.0.3.tgz",
      "integrity": "sha1-JuYe0UIvtw3ULm42cp7VHYVf6Nk="
    },
    "node_modules/bufferutil": {
      "version": "4.0.3",
      "resolved": "https://registry.npmjs.org/bufferutil/-/bufferutil-4.0.3.tgz",
      "integrity": "sha512-yEYTwGndELGvfXsImMBLop58eaGW+YdONi1fNjTINSY98tmMmFijBG6WXgdkfuLNt4imzQNtIE+eBp1PVpMCSw==",
      "hasInstallScript": true,
      "dependencies": {
        "node-gyp-build": "^4.2.0"
      }
    },
    "node_modules/call-bind": {
      "version": "1.0.2",
      "resolved": "https://registry.npmjs.org/call-bind/-/call-bind-1.0.2.tgz",
      "integrity": "sha512-7O+FbCihrB5WGbFYesctwmTKae6rOiIzmz1icreWJ+0aA7LJfuqhEso2T9ncpcFtzMQtzXf2QGGueWJGTYsqrA==",
      "dependencies": {
        "function-bind": "^1.1.1",
        "get-intrinsic": "^1.0.2"
      },
      "funding": {
        "url": "https://github.com/sponsors/ljharb"
      }
    },
    "node_modules/cipher-base": {
      "version": "1.0.4",
      "resolved": "https://registry.npmjs.org/cipher-base/-/cipher-base-1.0.4.tgz",
      "integrity": "sha512-Kkht5ye6ZGmwv40uUDZztayT2ThLQGfnj/T71N/XzeZeo3nf8foyW7zGTsPYkEya3m5f3cAypH+qe7YOrM1U2Q==",
      "dependencies": {
        "inherits": "^2.0.1",
        "safe-buffer": "^5.0.1"
      }
    },
    "node_modules/create-hash": {
      "version": "1.2.0",
      "resolved": "https://registry.npmjs.org/create-hash/-/create-hash-1.2.0.tgz",
      "integrity": "sha512-z00bCGNHDG8mHAkP7CtT1qVu+bFQUPjYq/4Iv3C3kWjTFV10zIjfSoeqXo9Asws8gwSHDGj/hl2u4OGIjapeCg==",
      "dependencies": {
        "cipher-base": "^1.0.1",
        "inherits": "^2.0.1",
        "md5.js": "^1.3.4",
        "ripemd160": "^2.0.1",
        "sha.js": "^2.4.0"
      }
    },
    "node_modules/create-hmac": {
      "version": "1.1.7",
      "resolved": "https://registry.npmjs.org/create-hmac/-/create-hmac-1.1.7.tgz",
      "integrity": "sha512-MJG9liiZ+ogc4TzUwuvbER1JRdgvUFSB5+VR/g5h82fGaIRWMWddtKBHi7/sVhfjQZ6SehlyhvQYrcYkaUIpLg==",
      "dependencies": {
        "cipher-base": "^1.0.3",
        "create-hash": "^1.1.0",
        "inherits": "^2.0.1",
        "ripemd160": "^2.0.0",
        "safe-buffer": "^5.0.1",
        "sha.js": "^2.4.8"
      }
    },
    "node_modules/d": {
      "version": "1.0.1",
      "resolved": "https://registry.npmjs.org/d/-/d-1.0.1.tgz",
      "integrity": "sha512-m62ShEObQ39CfralilEQRjH6oAMtNCV1xJyEx5LpRYUVN+EviphDgUc/F3hnYbADmkiNs67Y+3ylmlG7Lnu+FA==",
      "dependencies": {
        "es5-ext": "^0.10.50",
        "type": "^1.0.1"
      }
    },
    "node_modules/debug": {
      "version": "2.6.9",
      "resolved": "https://registry.npmjs.org/debug/-/debug-2.6.9.tgz",
      "integrity": "sha512-bC7ElrdJaJnPbAP+1EotYvqZsb3ecl5wi6Bfi6BJTUcNowp6cvspg0jXznRTKDjm/E7AdgFBVeAPVMNcKGsHMA==",
      "dependencies": {
        "ms": "2.0.0"
      }
    },
    "node_modules/es5-ext": {
      "version": "0.10.53",
      "resolved": "https://registry.npmjs.org/es5-ext/-/es5-ext-0.10.53.tgz",
      "integrity": "sha512-Xs2Stw6NiNHWypzRTY1MtaG/uJlwCk8kH81920ma8mvN8Xq1gsfhZvpkImLQArw8AHnv8MT2I45J3c0R8slE+Q==",
      "dependencies": {
        "es6-iterator": "~2.0.3",
        "es6-symbol": "~3.1.3",
        "next-tick": "~1.0.0"
      }
    },
    "node_modules/es6-iterator": {
      "version": "2.0.3",
      "resolved": "https://registry.npmjs.org/es6-iterator/-/es6-iterator-2.0.3.tgz",
      "integrity": "sha1-p96IkUGgWpSwhUQDstCg+/qY87c=",
      "dependencies": {
        "d": "1",
        "es5-ext": "^0.10.35",
        "es6-symbol": "^3.1.1"
      }
    },
    "node_modules/es6-promise": {
      "version": "4.2.8",
      "resolved": "https://registry.npmjs.org/es6-promise/-/es6-promise-4.2.8.tgz",
      "integrity": "sha512-HJDGx5daxeIvxdBxvG2cb9g4tEvwIk3i8+nhX0yGrYmZUzbkdg8QbDevheDB8gd0//uPj4c1EQua8Q+MViT0/w=="
    },
    "node_modules/es6-symbol": {
      "version": "3.1.3",
      "resolved": "https://registry.npmjs.org/es6-symbol/-/es6-symbol-3.1.3.tgz",
      "integrity": "sha512-NJ6Yn3FuDinBaBRWl/q5X/s4koRHBrgKAu+yGI6JCBeiu3qrcbJhwT2GeR/EXVfylRk8dpQVJoLEFhK+Mu31NA==",
      "dependencies": {
        "d": "^1.0.1",
        "ext": "^1.1.2"
      }
    },
    "node_modules/evp_bytestokey": {
      "version": "1.0.3",
      "resolved": "https://registry.npmjs.org/evp_bytestokey/-/evp_bytestokey-1.0.3.tgz",
      "integrity": "sha512-/f2Go4TognH/KvCISP7OUsHn85hT9nUkxxA9BEWxFn+Oj9o8ZNLm/40hdlgSLyuOimsrTKLUMEorQexp/aPQeA==",
      "dependencies": {
        "md5.js": "^1.3.4",
        "safe-buffer": "^5.1.1"
      }
    },
    "node_modules/ext": {
      "version": "1.5.0",
      "resolved": "https://registry.npmjs.org/ext/-/ext-1.5.0.tgz",
      "integrity": "sha512-+ONcYoWj/SoQwUofMr94aGu05Ou4FepKi7N7b+O8T4jVfyIsZQV1/xeS8jpaBzF0csAk0KLXoHCxU7cKYZjo1Q==",
      "dependencies": {
        "type": "^2.5.0"
      }
    },
    "node_modules/ext/node_modules/type": {
      "version": "2.5.0",
      "resolved": "https://registry.npmjs.org/type/-/type-2.5.0.tgz",
      "integrity": "sha512-180WMDQaIMm3+7hGXWf12GtdniDEy7nYcyFMKJn/eZz/6tSLXrUN9V0wKSbMjej0I1WHWbpREDEKHtqPQa9NNw=="
    },
    "node_modules/function-bind": {
      "version": "1.1.1",
      "resolved": "https://registry.npmjs.org/function-bind/-/function-bind-1.1.1.tgz",
      "integrity": "sha512-yIovAzMX49sF8Yl58fSCWJ5svSLuaibPxXQJFLmBObTuCr0Mf1KiPopGM9NiFjiYBCbfaa2Fh6breQ6ANVTI0A=="
    },
    "node_modules/get-intrinsic": {
      "version": "1.1.1",
      "resolved": "https://registry.npmjs.org/get-intrinsic/-/get-intrinsic-1.1.1.tgz",
      "integrity": "sha512-kWZrnVM42QCiEA2Ig1bG8zjoIMOgxWwYCEeNdwY6Tv/cOSeGpcoX4pXHfKUxNKVoArnrEr2e9srnAxxGIraS9Q==",
      "dependencies": {
        "function-bind": "^1.1.1",
        "has": "^1.0.3",
        "has-symbols": "^1.0.1"
      },
      "funding": {
        "url": "https://github.com/sponsors/ljharb"
      }
    },
    "node_modules/has": {
      "version": "1.0.3",
      "resolved": "https://registry.npmjs.org/has/-/has-1.0.3.tgz",
      "integrity": "sha512-f2dvO0VU6Oej7RkWJGrehjbzMAjFp5/VKPp5tTpWIV4JHHZK1/BxbFRtf/siA2SWTe09caDmVtYYzWEIbBS4zw==",
      "dependencies": {
        "function-bind": "^1.1.1"
      },
      "engines": {
        "node": ">= 0.4.0"
      }
    },
    "node_modules/has-symbols": {
      "version": "1.0.2",
      "resolved": "https://registry.npmjs.org/has-symbols/-/has-symbols-1.0.2.tgz",
      "integrity": "sha512-chXa79rL/UC2KlX17jo3vRGz0azaWEx5tGqZg5pO3NUyEJVB17dMruQlzCCOfUvElghKcm5194+BCRvi2Rv/Gw==",
      "engines": {
        "node": ">= 0.4"
      },
      "funding": {
        "url": "https://github.com/sponsors/ljharb"
      }
    },
    "node_modules/hash-base": {
      "version": "3.1.0",
      "resolved": "https://registry.npmjs.org/hash-base/-/hash-base-3.1.0.tgz",
      "integrity": "sha512-1nmYp/rhMDiE7AYkDw+lLwlAzz0AntGIe51F3RfFfEqyQ3feY2eI/NcwC6umIQVOASPMsWJLJScWKSSvzL9IVA==",
      "dependencies": {
        "inherits": "^2.0.4",
        "readable-stream": "^3.6.0",
        "safe-buffer": "^5.2.0"
      },
      "engines": {
        "node": ">=4"
      }
    },
    "node_modules/ieee754": {
      "version": "1.2.1",
      "resolved": "https://registry.npmjs.org/ieee754/-/ieee754-1.2.1.tgz",
      "integrity": "sha512-dcyqhDvX1C46lXZcVqCpK+FtMRQVdIMN6/Df5js2zouUsqG7I6sFxitIC+7KYK29KdXOLHdu9zL4sFnoVQnqaA==",
      "funding": [
        {
          "type": "github",
          "url": "https://github.com/sponsors/feross"
        },
        {
          "type": "patreon",
          "url": "https://www.patreon.com/feross"
        },
        {
          "type": "consulting",
          "url": "https://feross.org/support"
        }
      ]
    },
    "node_modules/inherits": {
      "version": "2.0.4",
      "resolved": "https://registry.npmjs.org/inherits/-/inherits-2.0.4.tgz",
      "integrity": "sha512-k/vGaX4/Yla3WzyMCvTQOXYeIHvqOKtnqBduzTHpzpQZzAskKMhZ2K+EnBiSM9zGSoIFeMpXKxa4dYeZIQqewQ=="
    },
    "node_modules/is-typedarray": {
      "version": "1.0.0",
      "resolved": "https://registry.npmjs.org/is-typedarray/-/is-typedarray-1.0.0.tgz",
      "integrity": "sha1-5HnICFjfDBsR3dppQPlgEfzaSpo="
    },
    "node_modules/jsonrpc-lite": {
      "version": "2.2.0",
      "resolved": "https://registry.npmjs.org/jsonrpc-lite/-/jsonrpc-lite-2.2.0.tgz",
      "integrity": "sha512-/cbbSxtZWs1O7R4tWqabrCM/t3N8qKUZMAg9IUqpPvUs6UyRvm6pCNYkskyKN/XU0UgffW+NY2ZRr8t0AknX7g=="
    },
    "node_modules/md5.js": {
      "version": "1.3.5",
      "resolved": "https://registry.npmjs.org/md5.js/-/md5.js-1.3.5.tgz",
      "integrity": "sha512-xitP+WxNPcTTOgnTJcrhM0xvdPepipPSf3I8EIpGKeFLjt3PlJLIDG3u8EX53ZIubkb+5U2+3rELYpEhHhzdkg==",
      "dependencies": {
        "hash-base": "^3.0.0",
        "inherits": "^2.0.1",
        "safe-buffer": "^5.1.2"
      }
    },
    "node_modules/ms": {
      "version": "2.0.0",
      "resolved": "https://registry.npmjs.org/ms/-/ms-2.0.0.tgz",
      "integrity": "sha1-VgiurfwAvmwpAd9fmGF4jeDVl8g="
    },
    "node_modules/nanoassert": {
      "version": "1.1.0",
      "resolved": "https://registry.npmjs.org/nanoassert/-/nanoassert-1.1.0.tgz",
      "integrity": "sha1-TzFS4JVA/eKMdvRLGbvNHVpCR40="
    },
    "node_modules/net": {
      "version": "1.0.2",
      "resolved": "https://registry.npmjs.org/net/-/net-1.0.2.tgz",
      "integrity": "sha1-0XV+yaf7I3HYPPR1XOPifhCCk4g="
    },
    "node_modules/next-tick": {
      "version": "1.0.0",
      "resolved": "https://registry.npmjs.org/next-tick/-/next-tick-1.0.0.tgz",
      "integrity": "sha1-yobR/ogoFpsBICCOPchCS524NCw="
    },
    "node_modules/node-gyp-build": {
      "version": "4.3.0",
      "resolved": "https://registry.npmjs.org/node-gyp-build/-/node-gyp-build-4.3.0.tgz",
      "integrity": "sha512-iWjXZvmboq0ja1pUGULQBexmxq8CV4xBhX7VDOTbL7ZR4FOowwY/VOtRxBN/yKxmdGoIp4j5ysNT4u3S2pDQ3Q==",
      "bin": {
        "node-gyp-build": "bin.js",
        "node-gyp-build-optional": "optional.js",
        "node-gyp-build-test": "build-test.js"
      }
    },
    "node_modules/object-inspect": {
      "version": "1.11.0",
      "resolved": "https://registry.npmjs.org/object-inspect/-/object-inspect-1.11.0.tgz",
      "integrity": "sha512-jp7ikS6Sd3GxQfZJPyH3cjcbJF6GZPClgdV+EFygjFLQ5FmW/dRUnTd9PQ9k0JhoNDabWFbpF1yCdSWCC6gexg==",
      "funding": {
        "url": "https://github.com/sponsors/ljharb"
      }
    },
    "node_modules/pbkdf2": {
      "version": "3.1.2",
      "resolved": "https://registry.npmjs.org/pbkdf2/-/pbkdf2-3.1.2.tgz",
      "integrity": "sha512-iuh7L6jA7JEGu2WxDwtQP1ddOpaJNC4KlDEFfdQajSGgGPNi4OyDc2R7QnbY2bR9QjBVGwgvTdNJZoE7RaxUMA==",
      "dependencies": {
        "create-hash": "^1.1.2",
        "create-hmac": "^1.1.4",
        "ripemd160": "^2.0.1",
        "safe-buffer": "^5.0.1",
        "sha.js": "^2.4.8"
      },
      "engines": {
        "node": ">=0.12"
      }
    },
    "node_modules/pure-uuid": {
      "version": "1.6.2",
      "resolved": "https://registry.npmjs.org/pure-uuid/-/pure-uuid-1.6.2.tgz",
      "integrity": "sha512-WQ4xz74ApW6s0BToRuuyuMo9g0VHx1HljY0H2gPng+mqqz/K1yLj7sHZonZZQ2++WfHl/ZzruilWvuz+WtmxjQ==",
      "engines": {
        "node": ">=8.0.0"
      }
    },
    "node_modules/qs": {
      "version": "6.10.1",
      "resolved": "https://registry.npmjs.org/qs/-/qs-6.10.1.tgz",
      "integrity": "sha512-M528Hph6wsSVOBiYUnGf+K/7w0hNshs/duGsNXPUCLH5XAqjEtiPGwNONLV0tBH8NoGb0mvD5JubnUTrujKDTg==",
      "dependencies": {
        "side-channel": "^1.0.4"
      },
      "engines": {
        "node": ">=0.6"
      },
      "funding": {
        "url": "https://github.com/sponsors/ljharb"
      }
    },
    "node_modules/randombytes": {
      "version": "2.1.0",
      "resolved": "https://registry.npmjs.org/randombytes/-/randombytes-2.1.0.tgz",
      "integrity": "sha512-vYl3iOX+4CKUWuxGi9Ukhie6fsqXqS9FE2Zaic4tNFD2N2QQaXOMFbuKK4QmDHC0JO6B1Zp41J0LpT0oR68amQ==",
      "dependencies": {
        "safe-buffer": "^5.1.0"
      }
    },
    "node_modules/readable-stream": {
      "version": "3.6.0",
      "resolved": "https://registry.npmjs.org/readable-stream/-/readable-stream-3.6.0.tgz",
      "integrity": "sha512-BViHy7LKeTz4oNnkcLJ+lVSL6vpiFeX6/d3oSH8zCW7UxP2onchk+vTGB143xuFjHS3deTgkKoXXymXqymiIdA==",
      "dependencies": {
        "inherits": "^2.0.3",
        "string_decoder": "^1.1.1",
        "util-deprecate": "^1.0.1"
      },
      "engines": {
        "node": ">= 6"
      }
    },
    "node_modules/ripemd160": {
      "version": "2.0.2",
      "resolved": "https://registry.npmjs.org/ripemd160/-/ripemd160-2.0.2.tgz",
      "integrity": "sha512-ii4iagi25WusVoiC4B4lq7pbXfAp3D9v5CwfkY33vffw2+pkDjY1D8GaN7spsxvCSx8dkPqOZCEZyfxcmJG2IA==",
      "dependencies": {
        "hash-base": "^3.0.0",
        "inherits": "^2.0.1"
      }
    },
    "node_modules/safe-buffer": {
      "version": "5.2.1",
      "resolved": "https://registry.npmjs.org/safe-buffer/-/safe-buffer-5.2.1.tgz",
      "integrity": "sha512-rp3So07KcdmmKbGvgaNxQSJr7bGVSVk5S9Eq1F+ppbRo70+YeaDxkw5Dd8NPN+GD6bjnYm2VuPuCXmpuYvmCXQ==",
      "funding": [
        {
          "type": "github",
          "url": "https://github.com/sponsors/feross"
        },
        {
          "type": "patreon",
          "url": "https://www.patreon.com/feross"
        },
        {
          "type": "consulting",
          "url": "https://feross.org/support"
        }
      ]
    },
    "node_modules/scryptsy": {
      "version": "2.1.0",
      "resolved": "https://registry.npmjs.org/scryptsy/-/scryptsy-2.1.0.tgz",
      "integrity": "sha512-1CdSqHQowJBnMAFyPEBRfqag/YP9OF394FV+4YREIJX4ljD7OxvQRDayyoyyCk+senRjSkP6VnUNQmVQqB6g7w=="
    },
    "node_modules/sha.js": {
      "version": "2.4.11",
      "resolved": "https://registry.npmjs.org/sha.js/-/sha.js-2.4.11.tgz",
      "integrity": "sha512-QMEp5B7cftE7APOjk5Y6xgrbWu+WkLVQwk8JNjZ8nKRciZaByEW6MubieAiToS7+dwvrjGhH8jRXz3MVd0AYqQ==",
      "dependencies": {
        "inherits": "^2.0.1",
        "safe-buffer": "^5.0.1"
      },
      "bin": {
        "sha.js": "bin.js"
      }
    },
    "node_modules/side-channel": {
      "version": "1.0.4",
      "resolved": "https://registry.npmjs.org/side-channel/-/side-channel-1.0.4.tgz",
      "integrity": "sha512-q5XPytqFEIKHkGdiMIrY10mvLRvnQh42/+GoBlFW3b2LXLE2xxJpZFdm94we0BaoV3RwJyGqg5wS7epxTv0Zvw==",
      "dependencies": {
        "call-bind": "^1.0.0",
        "get-intrinsic": "^1.0.2",
        "object-inspect": "^1.9.0"
      },
      "funding": {
        "url": "https://github.com/sponsors/ljharb"
      }
    },
    "node_modules/string_decoder": {
      "version": "1.3.0",
      "resolved": "https://registry.npmjs.org/string_decoder/-/string_decoder-1.3.0.tgz",
      "integrity": "sha512-hkRX8U1WjJFd8LsDJ2yQ/wWWxaopEsABU1XfkM8A+j0+85JAGppt16cr1Whg6KIbb4okU6Mql6BOj+uup/wKeA==",
      "dependencies": {
        "safe-buffer": "~5.2.0"
      }
    },
    "node_modules/type": {
      "version": "1.2.0",
      "resolved": "https://registry.npmjs.org/type/-/type-1.2.0.tgz",
      "integrity": "sha512-+5nt5AAniqsCnu2cEQQdpzCAh33kVx8n0VoFidKpB1dVVLAN/F+bgVOqOJqOnEnrhp222clB5p3vUlD+1QAnfg=="
    },
    "node_modules/typedarray-to-buffer": {
      "version": "3.1.5",
      "resolved": "https://registry.npmjs.org/typedarray-to-buffer/-/typedarray-to-buffer-3.1.5.tgz",
      "integrity": "sha512-zdu8XMNEDepKKR+XYOXAVPtWui0ly0NtohUscw+UmaHiAWT8hrV1rr//H6V+0DvJ3OQ19S979M0laLfX8rm82Q==",
      "dependencies": {
        "is-typedarray": "^1.0.0"
      }
    },
    "node_modules/unorm": {
      "version": "1.6.0",
      "resolved": "https://registry.npmjs.org/unorm/-/unorm-1.6.0.tgz",
      "integrity": "sha512-b2/KCUlYZUeA7JFUuRJZPUtr4gZvBh7tavtv4fvk4+KV9pfGiR6CQAQAWl49ZpR3ts2dk4FYkP7EIgDJoiOLDA==",
      "engines": {
        "node": ">= 0.4.0"
      }
    },
    "node_modules/utf-8-validate": {
      "version": "5.0.5",
      "resolved": "https://registry.npmjs.org/utf-8-validate/-/utf-8-validate-5.0.5.tgz",
      "integrity": "sha512-+pnxRYsS/axEpkrrEpzYfNZGXp0IjC/9RIxwM5gntY4Koi8SHmUGSfxfWqxZdRxrtaoVstuOzUp/rbs3JSPELQ==",
      "hasInstallScript": true,
      "dependencies": {
        "node-gyp-build": "^4.2.0"
      }
    },
    "node_modules/util-deprecate": {
      "version": "1.0.2",
      "resolved": "https://registry.npmjs.org/util-deprecate/-/util-deprecate-1.0.2.tgz",
      "integrity": "sha1-RQ1Nyfpw3nMnYvvS1KKJgUGaDM8="
    },
    "node_modules/websocket": {
      "version": "1.0.34",
      "resolved": "https://registry.npmjs.org/websocket/-/websocket-1.0.34.tgz",
      "integrity": "sha512-PRDso2sGwF6kM75QykIesBijKSVceR6jL2G8NGYyq2XrItNC2P5/qL5XeR056GhA+Ly7JMFvJb9I312mJfmqnQ==",
      "dependencies": {
        "bufferutil": "^4.0.1",
        "debug": "^2.2.0",
        "es5-ext": "^0.10.50",
        "typedarray-to-buffer": "^3.1.5",
        "utf-8-validate": "^5.0.2",
        "yaeti": "^0.0.6"
      },
      "engines": {
        "node": ">=4.0.0"
      }
    },
    "node_modules/xhr2": {
      "version": "0.2.1",
      "resolved": "https://registry.npmjs.org/xhr2/-/xhr2-0.2.1.tgz",
      "integrity": "sha512-sID0rrVCqkVNUn8t6xuv9+6FViXjUVXq8H5rWOH2rz9fDNQEd4g0EA2XlcEdJXRz5BMEn4O1pJFdT+z4YHhoWw==",
      "engines": {
        "node": ">= 6"
      }
    },
    "node_modules/yaeti": {
      "version": "0.0.6",
      "resolved": "https://registry.npmjs.org/yaeti/-/yaeti-0.0.6.tgz",
      "integrity": "sha1-8m9ITXJoTPQr7ft2lwqhYI+/lXc=",
      "engines": {
        "node": ">=0.10.32"
      }
    }
  },
  "dependencies": {
    "@sisi/ed25519-blake2b-hd-key": {
      "version": "1.0.2",
      "resolved": "https://registry.npmjs.org/@sisi/ed25519-blake2b-hd-key/-/ed25519-blake2b-hd-key-1.0.2.tgz",
      "integrity": "sha512-Zv/yL4Er7Ci/N4uw3LJoBhAJUSdVl1fNDl2vedrBfKVBV9R68gcrn/SxGPRo2X+Q6ZD5ELoKq0G+IQgewlu4HA==",
      "requires": {
        "@sisi/tweetnacl-blake2b": "^1.0.0",
        "bip39": "^2.4.0",
        "create-hmac": "^1.1.6"
      },
      "dependencies": {
        "bip39": {
          "version": "2.6.0",
          "resolved": "https://registry.npmjs.org/bip39/-/bip39-2.6.0.tgz",
          "integrity": "sha512-RrnQRG2EgEoqO24ea+Q/fftuPUZLmrEM3qNhhGsA3PbaXaCW791LTzPuVyx/VprXQcTbPJ3K3UeTna8ZnVl2sg==",
          "requires": {
            "create-hash": "^1.1.0",
            "pbkdf2": "^3.0.9",
            "randombytes": "^2.0.1",
            "safe-buffer": "^5.0.1",
            "unorm": "^1.3.3"
          }
        }
      }
    },
    "@sisi/tweetnacl-blake2b": {
      "version": "1.0.0",
      "resolved": "https://registry.npmjs.org/@sisi/tweetnacl-blake2b/-/tweetnacl-blake2b-1.0.0.tgz",
      "integrity": "sha512-iv0zaxB+G8O2UJ2JeSHH/zqwl5Z94x9VDnH+FIVbLdVfApY5Bz0P2DeOol2TeDslh9Xz0TsylyUfQTStZUGxPQ==",
      "requires": {
        "blakejs": "^1.1.0"
      }
    },
    "@types/node": {
      "version": "11.11.6",
      "resolved": "https://registry.npmjs.org/@types/node/-/node-11.11.6.tgz",
      "integrity": "sha512-Exw4yUWMBXM3X+8oqzJNRqZSwUAaS4+7NdvHqQuFi/d+synz++xmX3QIf+BFqneW8N31R8Ky+sikfZUXq07ggQ=="
    },
    "@vite/vitejs": {
      "version": "2.3.14",
      "resolved": "https://registry.npmjs.org/@vite/vitejs/-/vitejs-2.3.14.tgz",
      "integrity": "sha512-MIACHbsRyT0gTvmh/cZ/Gn3f+XPDbAy/wziS6mjym9CBhU0cc98m5MuJKRNmBp+4ArYlwF8O22D4kwxoBK2IqA==",
      "requires": {
        "@sisi/ed25519-blake2b-hd-key": "^1.0.2",
        "@sisi/tweetnacl-blake2b": "^1.0.0",
        "bip39": "^3.0.2",
        "blake2b": "^2.1.3",
        "blakejs": "^1.1.0",
        "bn.js": "^5.1.1",
        "browserify-aes": "^1.2.0",
        "buffer": "^5.5.0",
        "create-hmac": "^1.1.7",
        "es6-promise": "^4.2.5",
        "jsonrpc-lite": "^2.0.3",
        "net": "^1.0.2",
        "pure-uuid": "^1.5.3",
        "qs": "^6.6.0",
        "scryptsy": "^2.0.0",
        "websocket": "^1.0.26",
        "xhr2": "^0.2.0"
      }
    },
    "@vite/vitejs-ws": {
      "version": "2.3.14",
      "resolved": "https://registry.npmjs.org/@vite/vitejs-ws/-/vitejs-ws-2.3.14.tgz",
      "integrity": "sha512-MkUowsTyowt8gEyRVO6becu7GFx2jAf4CVUehgYMopD7HFEL2MzJWQb4JQCdIBYBGzjvCWUSMjAf9O57aJrqyQ=="
    },
    "base64-js": {
      "version": "1.5.1",
      "resolved": "https://registry.npmjs.org/base64-js/-/base64-js-1.5.1.tgz",
      "integrity": "sha512-AKpaYlHn8t4SVbOHCy+b5+KKgvR4vrsD8vbvrbiQJps7fKDTkjkDry6ji0rUJjC0kzbNePLwzxq8iypo41qeWA=="
    },
    "bip39": {
      "version": "3.0.4",
      "resolved": "https://registry.npmjs.org/bip39/-/bip39-3.0.4.tgz",
      "integrity": "sha512-YZKQlb752TrUWqHWj7XAwCSjYEgGAk+/Aas3V7NyjQeZYsztO8JnQUaCWhcnL4T+jL8nvB8typ2jRPzTlgugNw==",
      "requires": {
        "@types/node": "11.11.6",
        "create-hash": "^1.1.0",
        "pbkdf2": "^3.0.9",
        "randombytes": "^2.0.1"
      }
    },
    "blake2b": {
      "version": "2.1.3",
      "resolved": "https://registry.npmjs.org/blake2b/-/blake2b-2.1.3.tgz",
      "integrity": "sha512-pkDss4xFVbMb4270aCyGD3qLv92314Et+FsKzilCLxDz5DuZ2/1g3w4nmBbu6nKApPspnjG7JcwTjGZnduB1yg==",
      "requires": {
        "blake2b-wasm": "^1.1.0",
        "nanoassert": "^1.0.0"
      }
    },
    "blake2b-wasm": {
      "version": "1.1.7",
      "resolved": "https://registry.npmjs.org/blake2b-wasm/-/blake2b-wasm-1.1.7.tgz",
      "integrity": "sha512-oFIHvXhlz/DUgF0kq5B1CqxIDjIJwh9iDeUUGQUcvgiGz7Wdw03McEO7CfLBy7QKGdsydcMCgO9jFNBAFCtFcA==",
      "requires": {
        "nanoassert": "^1.0.0"
      }
    },
    "blakejs": {
      "version": "1.1.1",
      "resolved": "https://registry.npmjs.org/blakejs/-/blakejs-1.1.1.tgz",
      "integrity": "sha512-bLG6PHOCZJKNshTjGRBvET0vTciwQE6zFKOKKXPDJfwFBd4Ac0yBfPZqcGvGJap50l7ktvlpFqc2jGVaUgbJgg=="
    },
    "bn.js": {
      "version": "5.2.0",
      "resolved": "https://registry.npmjs.org/bn.js/-/bn.js-5.2.0.tgz",
      "integrity": "sha512-D7iWRBvnZE8ecXiLj/9wbxH7Tk79fAh8IHaTNq1RWRixsS02W+5qS+iE9yq6RYl0asXx5tw0bLhmT5pIfbSquw=="
    },
    "browserify-aes": {
      "version": "1.2.0",
      "resolved": "https://registry.npmjs.org/browserify-aes/-/browserify-aes-1.2.0.tgz",
      "integrity": "sha512-+7CHXqGuspUn/Sl5aO7Ea0xWGAtETPXNSAjHo48JfLdPWcMng33Xe4znFvQweqc/uzk5zSOI3H52CYnjCfb5hA==",
      "requires": {
        "buffer-xor": "^1.0.3",
        "cipher-base": "^1.0.0",
        "create-hash": "^1.1.0",
        "evp_bytestokey": "^1.0.3",
        "inherits": "^2.0.1",
        "safe-buffer": "^5.0.1"
      }
    },
    "buffer": {
      "version": "5.7.1",
      "resolved": "https://registry.npmjs.org/buffer/-/buffer-5.7.1.tgz",
      "integrity": "sha512-EHcyIPBQ4BSGlvjB16k5KgAJ27CIsHY/2JBmCRReo48y9rQ3MaUzWX3KVlBa4U7MyX02HdVj0K7C3WaB3ju7FQ==",
      "requires": {
        "base64-js": "^1.3.1",
        "ieee754": "^1.1.13"
      }
    },
    "buffer-xor": {
      "version": "1.0.3",
      "resolved": "https://registry.npmjs.org/buffer-xor/-/buffer-xor-1.0.3.tgz",
      "integrity": "sha1-JuYe0UIvtw3ULm42cp7VHYVf6Nk="
    },
    "bufferutil": {
      "version": "4.0.3",
      "resolved": "https://registry.npmjs.org/bufferutil/-/bufferutil-4.0.3.tgz",
      "integrity": "sha512-yEYTwGndELGvfXsImMBLop58eaGW+YdONi1fNjTINSY98tmMmFijBG6WXgdkfuLNt4imzQNtIE+eBp1PVpMCSw==",
      "requires": {
        "node-gyp-build": "^4.2.0"
      }
    },
    "call-bind": {
      "version": "1.0.2",
      "resolved": "https://registry.npmjs.org/call-bind/-/call-bind-1.0.2.tgz",
      "integrity": "sha512-7O+FbCihrB5WGbFYesctwmTKae6rOiIzmz1icreWJ+0aA7LJfuqhEso2T9ncpcFtzMQtzXf2QGGueWJGTYsqrA==",
      "requires": {
        "function-bind": "^1.1.1",
        "get-intrinsic": "^1.0.2"
      }
    },
    "cipher-base": {
      "version": "1.0.4",
      "resolved": "https://registry.npmjs.org/cipher-base/-/cipher-base-1.0.4.tgz",
      "integrity": "sha512-Kkht5ye6ZGmwv40uUDZztayT2ThLQGfnj/T71N/XzeZeo3nf8foyW7zGTsPYkEya3m5f3cAypH+qe7YOrM1U2Q==",
      "requires": {
        "inherits": "^2.0.1",
        "safe-buffer": "^5.0.1"
      }
    },
    "create-hash": {
      "version": "1.2.0",
      "resolved": "https://registry.npmjs.org/create-hash/-/create-hash-1.2.0.tgz",
      "integrity": "sha512-z00bCGNHDG8mHAkP7CtT1qVu+bFQUPjYq/4Iv3C3kWjTFV10zIjfSoeqXo9Asws8gwSHDGj/hl2u4OGIjapeCg==",
      "requires": {
        "cipher-base": "^1.0.1",
        "inherits": "^2.0.1",
        "md5.js": "^1.3.4",
        "ripemd160": "^2.0.1",
        "sha.js": "^2.4.0"
      }
    },
    "create-hmac": {
      "version": "1.1.7",
      "resolved": "https://registry.npmjs.org/create-hmac/-/create-hmac-1.1.7.tgz",
      "integrity": "sha512-MJG9liiZ+ogc4TzUwuvbER1JRdgvUFSB5+VR/g5h82fGaIRWMWddtKBHi7/sVhfjQZ6SehlyhvQYrcYkaUIpLg==",
      "requires": {
        "cipher-base": "^1.0.3",
        "create-hash": "^1.1.0",
        "inherits": "^2.0.1",
        "ripemd160": "^2.0.0",
        "safe-buffer": "^5.0.1",
        "sha.js": "^2.4.8"
      }
    },
    "d": {
      "version": "1.0.1",
      "resolved": "https://registry.npmjs.org/d/-/d-1.0.1.tgz",
      "integrity": "sha512-m62ShEObQ39CfralilEQRjH6oAMtNCV1xJyEx5LpRYUVN+EviphDgUc/F3hnYbADmkiNs67Y+3ylmlG7Lnu+FA==",
      "requires": {
        "es5-ext": "^0.10.50",
        "type": "^1.0.1"
      }
    },
    "debug": {
      "version": "2.6.9",
      "resolved": "https://registry.npmjs.org/debug/-/debug-2.6.9.tgz",
      "integrity": "sha512-bC7ElrdJaJnPbAP+1EotYvqZsb3ecl5wi6Bfi6BJTUcNowp6cvspg0jXznRTKDjm/E7AdgFBVeAPVMNcKGsHMA==",
      "requires": {
        "ms": "2.0.0"
      }
    },
    "es5-ext": {
      "version": "0.10.53",
      "resolved": "https://registry.npmjs.org/es5-ext/-/es5-ext-0.10.53.tgz",
      "integrity": "sha512-Xs2Stw6NiNHWypzRTY1MtaG/uJlwCk8kH81920ma8mvN8Xq1gsfhZvpkImLQArw8AHnv8MT2I45J3c0R8slE+Q==",
      "requires": {
        "es6-iterator": "~2.0.3",
        "es6-symbol": "~3.1.3",
        "next-tick": "~1.0.0"
      }
    },
    "es6-iterator": {
      "version": "2.0.3",
      "resolved": "https://registry.npmjs.org/es6-iterator/-/es6-iterator-2.0.3.tgz",
      "integrity": "sha1-p96IkUGgWpSwhUQDstCg+/qY87c=",
      "requires": {
        "d": "1",
        "es5-ext": "^0.10.35",
        "es6-symbol": "^3.1.1"
      }
    },
    "es6-promise": {
      "version": "4.2.8",
      "resolved": "https://registry.npmjs.org/es6-promise/-/es6-promise-4.2.8.tgz",
      "integrity": "sha512-HJDGx5daxeIvxdBxvG2cb9g4tEvwIk3i8+nhX0yGrYmZUzbkdg8QbDevheDB8gd0//uPj4c1EQua8Q+MViT0/w=="
    },
    "es6-symbol": {
      "version": "3.1.3",
      "resolved": "https://registry.npmjs.org/es6-symbol/-/es6-symbol-3.1.3.tgz",
      "integrity": "sha512-NJ6Yn3FuDinBaBRWl/q5X/s4koRHBrgKAu+yGI6JCBeiu3qrcbJhwT2GeR/EXVfylRk8dpQVJoLEFhK+Mu31NA==",
      "requires": {
        "d": "^1.0.1",
        "ext": "^1.1.2"
      }
    },
    "evp_bytestokey": {
      "version": "1.0.3",
      "resolved": "https://registry.npmjs.org/evp_bytestokey/-/evp_bytestokey-1.0.3.tgz",
      "integrity": "sha512-/f2Go4TognH/KvCISP7OUsHn85hT9nUkxxA9BEWxFn+Oj9o8ZNLm/40hdlgSLyuOimsrTKLUMEorQexp/aPQeA==",
      "requires": {
        "md5.js": "^1.3.4",
        "safe-buffer": "^5.1.1"
      }
    },
    "ext": {
      "version": "1.5.0",
      "resolved": "https://registry.npmjs.org/ext/-/ext-1.5.0.tgz",
      "integrity": "sha512-+ONcYoWj/SoQwUofMr94aGu05Ou4FepKi7N7b+O8T4jVfyIsZQV1/xeS8jpaBzF0csAk0KLXoHCxU7cKYZjo1Q==",
      "requires": {
        "type": "^2.5.0"
      },
      "dependencies": {
        "type": {
          "version": "2.5.0",
          "resolved": "https://registry.npmjs.org/type/-/type-2.5.0.tgz",
          "integrity": "sha512-180WMDQaIMm3+7hGXWf12GtdniDEy7nYcyFMKJn/eZz/6tSLXrUN9V0wKSbMjej0I1WHWbpREDEKHtqPQa9NNw=="
        }
      }
    },
    "function-bind": {
      "version": "1.1.1",
      "resolved": "https://registry.npmjs.org/function-bind/-/function-bind-1.1.1.tgz",
      "integrity": "sha512-yIovAzMX49sF8Yl58fSCWJ5svSLuaibPxXQJFLmBObTuCr0Mf1KiPopGM9NiFjiYBCbfaa2Fh6breQ6ANVTI0A=="
    },
    "get-intrinsic": {
      "version": "1.1.1",
      "resolved": "https://registry.npmjs.org/get-intrinsic/-/get-intrinsic-1.1.1.tgz",
      "integrity": "sha512-kWZrnVM42QCiEA2Ig1bG8zjoIMOgxWwYCEeNdwY6Tv/cOSeGpcoX4pXHfKUxNKVoArnrEr2e9srnAxxGIraS9Q==",
      "requires": {
        "function-bind": "^1.1.1",
        "has": "^1.0.3",
        "has-symbols": "^1.0.1"
      }
    },
    "has": {
      "version": "1.0.3",
      "resolved": "https://registry.npmjs.org/has/-/has-1.0.3.tgz",
      "integrity": "sha512-f2dvO0VU6Oej7RkWJGrehjbzMAjFp5/VKPp5tTpWIV4JHHZK1/BxbFRtf/siA2SWTe09caDmVtYYzWEIbBS4zw==",
      "requires": {
        "function-bind": "^1.1.1"
      }
    },
    "has-symbols": {
      "version": "1.0.2",
      "resolved": "https://registry.npmjs.org/has-symbols/-/has-symbols-1.0.2.tgz",
      "integrity": "sha512-chXa79rL/UC2KlX17jo3vRGz0azaWEx5tGqZg5pO3NUyEJVB17dMruQlzCCOfUvElghKcm5194+BCRvi2Rv/Gw=="
    },
    "hash-base": {
      "version": "3.1.0",
      "resolved": "https://registry.npmjs.org/hash-base/-/hash-base-3.1.0.tgz",
      "integrity": "sha512-1nmYp/rhMDiE7AYkDw+lLwlAzz0AntGIe51F3RfFfEqyQ3feY2eI/NcwC6umIQVOASPMsWJLJScWKSSvzL9IVA==",
      "requires": {
        "inherits": "^2.0.4",
        "readable-stream": "^3.6.0",
        "safe-buffer": "^5.2.0"
      }
    },
    "ieee754": {
      "version": "1.2.1",
      "resolved": "https://registry.npmjs.org/ieee754/-/ieee754-1.2.1.tgz",
      "integrity": "sha512-dcyqhDvX1C46lXZcVqCpK+FtMRQVdIMN6/Df5js2zouUsqG7I6sFxitIC+7KYK29KdXOLHdu9zL4sFnoVQnqaA=="
    },
    "inherits": {
      "version": "2.0.4",
      "resolved": "https://registry.npmjs.org/inherits/-/inherits-2.0.4.tgz",
      "integrity": "sha512-k/vGaX4/Yla3WzyMCvTQOXYeIHvqOKtnqBduzTHpzpQZzAskKMhZ2K+EnBiSM9zGSoIFeMpXKxa4dYeZIQqewQ=="
    },
    "is-typedarray": {
      "version": "1.0.0",
      "resolved": "https://registry.npmjs.org/is-typedarray/-/is-typedarray-1.0.0.tgz",
      "integrity": "sha1-5HnICFjfDBsR3dppQPlgEfzaSpo="
    },
    "jsonrpc-lite": {
      "version": "2.2.0",
      "resolved": "https://registry.npmjs.org/jsonrpc-lite/-/jsonrpc-lite-2.2.0.tgz",
      "integrity": "sha512-/cbbSxtZWs1O7R4tWqabrCM/t3N8qKUZMAg9IUqpPvUs6UyRvm6pCNYkskyKN/XU0UgffW+NY2ZRr8t0AknX7g=="
    },
    "md5.js": {
      "version": "1.3.5",
      "resolved": "https://registry.npmjs.org/md5.js/-/md5.js-1.3.5.tgz",
      "integrity": "sha512-xitP+WxNPcTTOgnTJcrhM0xvdPepipPSf3I8EIpGKeFLjt3PlJLIDG3u8EX53ZIubkb+5U2+3rELYpEhHhzdkg==",
      "requires": {
        "hash-base": "^3.0.0",
        "inherits": "^2.0.1",
        "safe-buffer": "^5.1.2"
      }
    },
    "ms": {
      "version": "2.0.0",
      "resolved": "https://registry.npmjs.org/ms/-/ms-2.0.0.tgz",
      "integrity": "sha1-VgiurfwAvmwpAd9fmGF4jeDVl8g="
    },
    "nanoassert": {
      "version": "1.1.0",
      "resolved": "https://registry.npmjs.org/nanoassert/-/nanoassert-1.1.0.tgz",
      "integrity": "sha1-TzFS4JVA/eKMdvRLGbvNHVpCR40="
    },
    "net": {
      "version": "1.0.2",
      "resolved": "https://registry.npmjs.org/net/-/net-1.0.2.tgz",
      "integrity": "sha1-0XV+yaf7I3HYPPR1XOPifhCCk4g="
    },
    "next-tick": {
      "version": "1.0.0",
      "resolved": "https://registry.npmjs.org/next-tick/-/next-tick-1.0.0.tgz",
      "integrity": "sha1-yobR/ogoFpsBICCOPchCS524NCw="
    },
    "node-gyp-build": {
      "version": "4.3.0",
      "resolved": "https://registry.npmjs.org/node-gyp-build/-/node-gyp-build-4.3.0.tgz",
      "integrity": "sha512-iWjXZvmboq0ja1pUGULQBexmxq8CV4xBhX7VDOTbL7ZR4FOowwY/VOtRxBN/yKxmdGoIp4j5ysNT4u3S2pDQ3Q=="
    },
    "object-inspect": {
      "version": "1.11.0",
      "resolved": "https://registry.npmjs.org/object-inspect/-/object-inspect-1.11.0.tgz",
      "integrity": "sha512-jp7ikS6Sd3GxQfZJPyH3cjcbJF6GZPClgdV+EFygjFLQ5FmW/dRUnTd9PQ9k0JhoNDabWFbpF1yCdSWCC6gexg=="
    },
    "pbkdf2": {
      "version": "3.1.2",
      "resolved": "https://registry.npmjs.org/pbkdf2/-/pbkdf2-3.1.2.tgz",
      "integrity": "sha512-iuh7L6jA7JEGu2WxDwtQP1ddOpaJNC4KlDEFfdQajSGgGPNi4OyDc2R7QnbY2bR9QjBVGwgvTdNJZoE7RaxUMA==",
      "requires": {
        "create-hash": "^1.1.2",
        "create-hmac": "^1.1.4",
        "ripemd160": "^2.0.1",
        "safe-buffer": "^5.0.1",
        "sha.js": "^2.4.8"
      }
    },
    "pure-uuid": {
      "version": "1.6.2",
      "resolved": "https://registry.npmjs.org/pure-uuid/-/pure-uuid-1.6.2.tgz",
      "integrity": "sha512-WQ4xz74ApW6s0BToRuuyuMo9g0VHx1HljY0H2gPng+mqqz/K1yLj7sHZonZZQ2++WfHl/ZzruilWvuz+WtmxjQ=="
    },
    "qs": {
      "version": "6.10.1",
      "resolved": "https://registry.npmjs.org/qs/-/qs-6.10.1.tgz",
      "integrity": "sha512-M528Hph6wsSVOBiYUnGf+K/7w0hNshs/duGsNXPUCLH5XAqjEtiPGwNONLV0tBH8NoGb0mvD5JubnUTrujKDTg==",
      "requires": {
        "side-channel": "^1.0.4"
      }
    },
    "randombytes": {
      "version": "2.1.0",
      "resolved": "https://registry.npmjs.org/randombytes/-/randombytes-2.1.0.tgz",
      "integrity": "sha512-vYl3iOX+4CKUWuxGi9Ukhie6fsqXqS9FE2Zaic4tNFD2N2QQaXOMFbuKK4QmDHC0JO6B1Zp41J0LpT0oR68amQ==",
      "requires": {
        "safe-buffer": "^5.1.0"
      }
    },
    "readable-stream": {
      "version": "3.6.0",
      "resolved": "https://registry.npmjs.org/readable-stream/-/readable-stream-3.6.0.tgz",
      "integrity": "sha512-BViHy7LKeTz4oNnkcLJ+lVSL6vpiFeX6/d3oSH8zCW7UxP2onchk+vTGB143xuFjHS3deTgkKoXXymXqymiIdA==",
      "requires": {
        "inherits": "^2.0.3",
        "string_decoder": "^1.1.1",
        "util-deprecate": "^1.0.1"
      }
    },
    "ripemd160": {
      "version": "2.0.2",
      "resolved": "https://registry.npmjs.org/ripemd160/-/ripemd160-2.0.2.tgz",
      "integrity": "sha512-ii4iagi25WusVoiC4B4lq7pbXfAp3D9v5CwfkY33vffw2+pkDjY1D8GaN7spsxvCSx8dkPqOZCEZyfxcmJG2IA==",
      "requires": {
        "hash-base": "^3.0.0",
        "inherits": "^2.0.1"
      }
    },
    "safe-buffer": {
      "version": "5.2.1",
      "resolved": "https://registry.npmjs.org/safe-buffer/-/safe-buffer-5.2.1.tgz",
      "integrity": "sha512-rp3So07KcdmmKbGvgaNxQSJr7bGVSVk5S9Eq1F+ppbRo70+YeaDxkw5Dd8NPN+GD6bjnYm2VuPuCXmpuYvmCXQ=="
    },
    "scryptsy": {
      "version": "2.1.0",
      "resolved": "https://registry.npmjs.org/scryptsy/-/scryptsy-2.1.0.tgz",
      "integrity": "sha512-1CdSqHQowJBnMAFyPEBRfqag/YP9OF394FV+4YREIJX4ljD7OxvQRDayyoyyCk+senRjSkP6VnUNQmVQqB6g7w=="
    },
    "sha.js": {
      "version": "2.4.11",
      "resolved": "https://registry.npmjs.org/sha.js/-/sha.js-2.4.11.tgz",
      "integrity": "sha512-QMEp5B7cftE7APOjk5Y6xgrbWu+WkLVQwk8JNjZ8nKRciZaByEW6MubieAiToS7+dwvrjGhH8jRXz3MVd0AYqQ==",
      "requires": {
        "inherits": "^2.0.1",
        "safe-buffer": "^5.0.1"
      }
    },
    "side-channel": {
      "version": "1.0.4",
      "resolved": "https://registry.npmjs.org/side-channel/-/side-channel-1.0.4.tgz",
      "integrity": "sha512-q5XPytqFEIKHkGdiMIrY10mvLRvnQh42/+GoBlFW3b2LXLE2xxJpZFdm94we0BaoV3RwJyGqg5wS7epxTv0Zvw==",
      "requires": {
        "call-bind": "^1.0.0",
        "get-intrinsic": "^1.0.2",
        "object-inspect": "^1.9.0"
      }
    },
    "string_decoder": {
      "version": "1.3.0",
      "resolved": "https://registry.npmjs.org/string_decoder/-/string_decoder-1.3.0.tgz",
      "integrity": "sha512-hkRX8U1WjJFd8LsDJ2yQ/wWWxaopEsABU1XfkM8A+j0+85JAGppt16cr1Whg6KIbb4okU6Mql6BOj+uup/wKeA==",
      "requires": {
        "safe-buffer": "~5.2.0"
      }
    },
    "type": {
      "version": "1.2.0",
      "resolved": "https://registry.npmjs.org/type/-/type-1.2.0.tgz",
      "integrity": "sha512-+5nt5AAniqsCnu2cEQQdpzCAh33kVx8n0VoFidKpB1dVVLAN/F+bgVOqOJqOnEnrhp222clB5p3vUlD+1QAnfg=="
    },
    "typedarray-to-buffer": {
      "version": "3.1.5",
      "resolved": "https://registry.npmjs.org/typedarray-to-buffer/-/typedarray-to-buffer-3.1.5.tgz",
      "integrity": "sha512-zdu8XMNEDepKKR+XYOXAVPtWui0ly0NtohUscw+UmaHiAWT8hrV1rr//H6V+0DvJ3OQ19S979M0laLfX8rm82Q==",
      "requires": {
        "is-typedarray": "^1.0.0"
      }
    },
    "unorm": {
      "version": "1.6.0",
      "resolved": "https://registry.npmjs.org/unorm/-/unorm-1.6.0.tgz",
      "integrity": "sha512-b2/KCUlYZUeA7JFUuRJZPUtr4gZvBh7tavtv4fvk4+KV9pfGiR6CQAQAWl49ZpR3ts2dk4FYkP7EIgDJoiOLDA=="
    },
    "utf-8-validate": {
      "version": "5.0.5",
      "resolved": "https://registry.npmjs.org/utf-8-validate/-/utf-8-validate-5.0.5.tgz",
      "integrity": "sha512-+pnxRYsS/axEpkrrEpzYfNZGXp0IjC/9RIxwM5gntY4Koi8SHmUGSfxfWqxZdRxrtaoVstuOzUp/rbs3JSPELQ==",
      "requires": {
        "node-gyp-build": "^4.2.0"
      }
    },
    "util-deprecate": {
      "version": "1.0.2",
      "resolved": "https://registry.npmjs.org/util-deprecate/-/util-deprecate-1.0.2.tgz",
      "integrity": "sha1-RQ1Nyfpw3nMnYvvS1KKJgUGaDM8="
    },
    "websocket": {
      "version": "1.0.34",
      "resolved": "https://registry.npmjs.org/websocket/-/websocket-1.0.34.tgz",
      "integrity": "sha512-PRDso2sGwF6kM75QykIesBijKSVceR6jL2G8NGYyq2XrItNC2P5/qL5XeR056GhA+Ly7JMFvJb9I312mJfmqnQ==",
      "requires": {
        "bufferutil": "^4.0.1",
        "debug": "^2.2.0",
        "es5-ext": "^0.10.50",
        "typedarray-to-buffer": "^3.1.5",
        "utf-8-validate": "^5.0.2",
        "yaeti": "^0.0.6"
      }
    },
    "xhr2": {
      "version": "0.2.1",
      "resolved": "https://registry.npmjs.org/xhr2/-/xhr2-0.2.1.tgz",
      "integrity": "sha512-sID0rrVCqkVNUn8t6xuv9+6FViXjUVXq8H5rWOH2rz9fDNQEd4g0EA2XlcEdJXRz5BMEn4O1pJFdT+z4YHhoWw=="
    },
    "yaeti": {
      "version": "0.0.6",
      "resolved": "https://registry.npmjs.org/yaeti/-/yaeti-0.0.6.tgz",
      "integrity": "sha1-8m9ITXJoTPQr7ft2lwqhYI+/lXc="
    }
  }
}
